
Microsoft Visual Studio Solution File, Format Version 12.00
# Visual Studio 2015
Project("{FAE04EC0-301F-11D3-BF4B-00C04F79EFBC}") = "NEET_TGS_b.CSharp.Plugins", "NEET_TGS_b.CSharp.Plugins.csproj", "{F4BCB647-D544-7295-39E0-D534A57E49B7}"
EndProject
Project("{FAE04EC0-301F-11D3-BF4B-00C04F79EFBC}") = "NEET_TGS_b.CSharp", "NEET_TGS_b.CSharp.csproj", "{9EB08308-5ED5-65B4-DA38-A5C9995221D6}"
EndProject
Global
	GlobalSection(SolutionConfigurationPlatforms) = preSolution
		Debug|Any CPU = Debug|Any CPU
		Release|Any CPU = Release|Any CPU
	EndGlobalSection
	GlobalSection(ProjectConfigurationPlatforms) = postSolution
		{F4BCB647-D544-7295-39E0-D534A57E49B7}.Debug|Any CPU.ActiveCfg = Debug|Any CPU
		{F4BCB647-D544-7295-39E0-D534A57E49B7}.Debug|Any CPU.Build.0 = Debug|Any CPU
		{F4BCB647-D544-7295-39E0-D534A57E49B7}.Release|Any CPU.ActiveCfg = Release|Any CPU
		{F4BCB647-D544-7295-39E0-D534A57E49B7}.Release|Any CPU.Build.0 = Release|Any CPU
		{9EB08308-5ED5-65B4-DA38-A5C9995221D6}.Debug|Any CPU.ActiveCfg = Debug|Any CPU
		{9EB08308-5ED5-65B4-DA38-A5C9995221D6}.Debug|Any CPU.Build.0 = Debug|Any CPU
		{9EB08308-5ED5-65B4-DA38-A5C9995221D6}.Release|Any CPU.ActiveCfg = Release|Any CPU
		{9EB08308-5ED5-65B4-DA38-A5C9995221D6}.Release|Any CPU.Build.0 = Release|Any CPU
	EndGlobalSection
	GlobalSection(SolutionProperties) = preSolution
		HideSolutionNode = FALSE
	EndGlobalSection
EndGlobal
